// !$*UTF8*$!
{
	archiveVersion = 1;
	classes = {
	};
	objectVersion = 51;
	objects = {

/* Begin PBXBuildFile section */
		5F30EF1826E24933005394A9 /* AppDelegate.swift in Sources */ = {isa = PBXBuildFile; fileRef = 5F30EF1726E24933005394A9 /* AppDelegate.swift */; };
		5F30EF1A26E24933005394A9 /* SceneDelegate.swift in Sources */ = {isa = PBXBuildFile; fileRef = 5F30EF1926E24933005394A9 /* SceneDelegate.swift */; };
		5F30EF1C26E24933005394A9 /* NewsViewController.swift in Sources */ = {isa = PBXBuildFile; fileRef = 5F30EF1B26E24933005394A9 /* NewsViewController.swift */; };
		5F30EF1F26E24933005394A9 /* Main.storyboard in Resources */ = {isa = PBXBuildFile; fileRef = 5F30EF1D26E24933005394A9 /* Main.storyboard */; };
		5F30EF2126E24937005394A9 /* Assets.xcassets in Resources */ = {isa = PBXBuildFile; fileRef = 5F30EF2026E24937005394A9 /* Assets.xcassets */; };
		5F30EF2426E24937005394A9 /* LaunchScreen.storyboard in Resources */ = {isa = PBXBuildFile; fileRef = 5F30EF2226E24937005394A9 /* LaunchScreen.storyboard */; };
		5F30EF3126E24A3E005394A9 /* NewsPresenter.swift in Sources */ = {isa = PBXBuildFile; fileRef = 5F30EF3026E24A3E005394A9 /* NewsPresenter.swift */; };
		5F30EF3326E24A49005394A9 /* NewsProtocols.swift in Sources */ = {isa = PBXBuildFile; fileRef = 5F30EF3226E24A49005394A9 /* NewsProtocols.swift */; };
		5F30EF3526E24A59005394A9 /* NewsRouter.swift in Sources */ = {isa = PBXBuildFile; fileRef = 5F30EF3426E24A59005394A9 /* NewsRouter.swift */; };
		5F30EF3726E24A72005394A9 /* NewsInteractor.swift in Sources */ = {isa = PBXBuildFile; fileRef = 5F30EF3626E24A72005394A9 /* NewsInteractor.swift */; };
		5F30EF3926E24A81005394A9 /* NewEntity.swift in Sources */ = {isa = PBXBuildFile; fileRef = 5F30EF3826E24A81005394A9 /* NewEntity.swift */; };
		5F30EF3D26E24BBD005394A9 /* NetworkService.swift in Sources */ = {isa = PBXBuildFile; fileRef = 5F30EF3C26E24BBD005394A9 /* NetworkService.swift */; };
		5F30EF3F26E2502F005394A9 /* Storyboards.swift in Sources */ = {isa = PBXBuildFile; fileRef = 5F30EF3E26E2502F005394A9 /* Storyboards.swift */; };
		5F30EF4126E25069005394A9 /* Controllers.swift in Sources */ = {isa = PBXBuildFile; fileRef = 5F30EF4026E25069005394A9 /* Controllers.swift */; };
		5F30EF4426E2516C005394A9 /* API.swift in Sources */ = {isa = PBXBuildFile; fileRef = 5F30EF4326E2516C005394A9 /* API.swift */; };
		5F30EF4626E251CB005394A9 /* HTTP.swift in Sources */ = {isa = PBXBuildFile; fileRef = 5F30EF4526E251CB005394A9 /* HTTP.swift */; };
		5F30EF4826E25432005394A9 /* Endpoint.swift in Sources */ = {isa = PBXBuildFile; fileRef = 5F30EF4726E25432005394A9 /* Endpoint.swift */; };
		5F30EF4A26E25969005394A9 /* NetworkService+News.swift in Sources */ = {isa = PBXBuildFile; fileRef = 5F30EF4926E25969005394A9 /* NetworkService+News.swift */; };
		5F30EF4C26E25D43005394A9 /* Deserializer.swift in Sources */ = {isa = PBXBuildFile; fileRef = 5F30EF4B26E25D43005394A9 /* Deserializer.swift */; };
		5F30EF4E26E25DC0005394A9 /* NetworkError.swift in Sources */ = {isa = PBXBuildFile; fileRef = 5F30EF4D26E25DC0005394A9 /* NetworkError.swift */; };
		5F30EF5026E268CA005394A9 /* Cell.swift in Sources */ = {isa = PBXBuildFile; fileRef = 5F30EF4F26E268CA005394A9 /* Cell.swift */; };
		5F30EF5726E35FD5005394A9 /* NewsTableViewCell.swift in Sources */ = {isa = PBXBuildFile; fileRef = 5F30EF5526E35FD5005394A9 /* NewsTableViewCell.swift */; };
		5F30EF5826E35FD5005394A9 /* NewsTableViewCell.xib in Resources */ = {isa = PBXBuildFile; fileRef = 5F30EF5626E35FD5005394A9 /* NewsTableViewCell.xib */; };
		5F30EF5A26E3603B005394A9 /* Nib.swift in Sources */ = {isa = PBXBuildFile; fileRef = 5F30EF5926E3603B005394A9 /* Nib.swift */; };
		5FA9B2E626E3D2290060DAE8 /* NewsCellProtocols.swift in Sources */ = {isa = PBXBuildFile; fileRef = 5FA9B2E526E3D2290060DAE8 /* NewsCellProtocols.swift */; };
		5FA9B2E826E3D2F80060DAE8 /* NewsCellRouter.swift in Sources */ = {isa = PBXBuildFile; fileRef = 5FA9B2E726E3D2F80060DAE8 /* NewsCellRouter.swift */; };
		5FA9B2EA26E3D3060060DAE8 /* NewsCellPresenter.swift in Sources */ = {isa = PBXBuildFile; fileRef = 5FA9B2E926E3D3060060DAE8 /* NewsCellPresenter.swift */; };
		5FA9B2EC26E3D3170060DAE8 /* NewsCellInteractor.swift in Sources */ = {isa = PBXBuildFile; fileRef = 5FA9B2EB26E3D3170060DAE8 /* NewsCellInteractor.swift */; };
		5FA9B2EE26E3F4BD0060DAE8 /* ImageLoader.swift in Sources */ = {isa = PBXBuildFile; fileRef = 5FA9B2ED26E3F4BC0060DAE8 /* ImageLoader.swift */; };
		5FA9B30026E67DA10060DAE8 /* WebViewController.swift in Sources */ = {isa = PBXBuildFile; fileRef = 5FA9B2FF26E67DA10060DAE8 /* WebViewController.swift */; };
		5FA9B30326E74F190060DAE8 /* WebViewProtocols.swift in Sources */ = {isa = PBXBuildFile; fileRef = 5FA9B30226E74F190060DAE8 /* WebViewProtocols.swift */; };
		5FA9B30526E74FE60060DAE8 /* WebViewRouter.swift in Sources */ = {isa = PBXBuildFile; fileRef = 5FA9B30426E74FE60060DAE8 /* WebViewRouter.swift */; };
		5FA9B30726E754760060DAE8 /* WebViewPresenter.swift in Sources */ = {isa = PBXBuildFile; fileRef = 5FA9B30626E754760060DAE8 /* WebViewPresenter.swift */; };
		81980D8F8B185FE27042CE46 /* Pods_News_App.framework in Frameworks */ = {isa = PBXBuildFile; fileRef = BD3DC32894ECDDACCB465C29 /* Pods_News_App.framework */; };
		A2FC79814BED6A5FEFEF228F /* Pods_News_App.framework in Frameworks */ = {isa = PBXBuildFile; fileRef = EB69FEF0A6D8A64A5FF47802 /* Pods_News_App.framework */; };
/* End PBXBuildFile section */

/* Begin PBXFileReference section */
		5F30EF1426E24933005394A9 /* News App.app */ = {isa = PBXFileReference; explicitFileType = wrapper.application; includeInIndex = 0; path = "News App.app"; sourceTree = BUILT_PRODUCTS_DIR; };
		5F30EF1726E24933005394A9 /* AppDelegate.swift */ = {isa = PBXFileReference; lastKnownFileType = sourcecode.swift; path = AppDelegate.swift; sourceTree = "<group>"; };
		5F30EF1926E24933005394A9 /* SceneDelegate.swift */ = {isa = PBXFileReference; lastKnownFileType = sourcecode.swift; path = SceneDelegate.swift; sourceTree = "<group>"; };
		5F30EF1B26E24933005394A9 /* NewsViewController.swift */ = {isa = PBXFileReference; lastKnownFileType = sourcecode.swift; path = NewsViewController.swift; sourceTree = "<group>"; };
		5F30EF1E26E24933005394A9 /* Base */ = {isa = PBXFileReference; lastKnownFileType = file.storyboard; name = Base; path = Base.lproj/Main.storyboard; sourceTree = "<group>"; };
		5F30EF2026E24937005394A9 /* Assets.xcassets */ = {isa = PBXFileReference; lastKnownFileType = folder.assetcatalog; path = Assets.xcassets; sourceTree = "<group>"; };
		5F30EF2326E24937005394A9 /* Base */ = {isa = PBXFileReference; lastKnownFileType = file.storyboard; name = Base; path = Base.lproj/LaunchScreen.storyboard; sourceTree = "<group>"; };
		5F30EF2526E24937005394A9 /* Info.plist */ = {isa = PBXFileReference; lastKnownFileType = text.plist.xml; path = Info.plist; sourceTree = "<group>"; };
		5F30EF3026E24A3E005394A9 /* NewsPresenter.swift */ = {isa = PBXFileReference; lastKnownFileType = sourcecode.swift; path = NewsPresenter.swift; sourceTree = "<group>"; };
		5F30EF3226E24A49005394A9 /* NewsProtocols.swift */ = {isa = PBXFileReference; lastKnownFileType = sourcecode.swift; path = NewsProtocols.swift; sourceTree = "<group>"; };
		5F30EF3426E24A59005394A9 /* NewsRouter.swift */ = {isa = PBXFileReference; lastKnownFileType = sourcecode.swift; path = NewsRouter.swift; sourceTree = "<group>"; };
		5F30EF3626E24A72005394A9 /* NewsInteractor.swift */ = {isa = PBXFileReference; lastKnownFileType = sourcecode.swift; path = NewsInteractor.swift; sourceTree = "<group>"; };
		5F30EF3826E24A81005394A9 /* NewEntity.swift */ = {isa = PBXFileReference; lastKnownFileType = sourcecode.swift; path = NewEntity.swift; sourceTree = "<group>"; };
		5F30EF3C26E24BBD005394A9 /* NetworkService.swift */ = {isa = PBXFileReference; lastKnownFileType = sourcecode.swift; path = NetworkService.swift; sourceTree = "<group>"; };
		5F30EF3E26E2502F005394A9 /* Storyboards.swift */ = {isa = PBXFileReference; lastKnownFileType = sourcecode.swift; path = Storyboards.swift; sourceTree = "<group>"; };
		5F30EF4026E25069005394A9 /* Controllers.swift */ = {isa = PBXFileReference; lastKnownFileType = sourcecode.swift; path = Controllers.swift; sourceTree = "<group>"; };
		5F30EF4326E2516C005394A9 /* API.swift */ = {isa = PBXFileReference; lastKnownFileType = sourcecode.swift; path = API.swift; sourceTree = "<group>"; };
		5F30EF4526E251CB005394A9 /* HTTP.swift */ = {isa = PBXFileReference; lastKnownFileType = sourcecode.swift; path = HTTP.swift; sourceTree = "<group>"; };
		5F30EF4726E25432005394A9 /* Endpoint.swift */ = {isa = PBXFileReference; lastKnownFileType = sourcecode.swift; path = Endpoint.swift; sourceTree = "<group>"; };
		5F30EF4926E25969005394A9 /* NetworkService+News.swift */ = {isa = PBXFileReference; lastKnownFileType = sourcecode.swift; path = "NetworkService+News.swift"; sourceTree = "<group>"; };
		5F30EF4B26E25D43005394A9 /* Deserializer.swift */ = {isa = PBXFileReference; lastKnownFileType = sourcecode.swift; path = Deserializer.swift; sourceTree = "<group>"; };
		5F30EF4D26E25DC0005394A9 /* NetworkError.swift */ = {isa = PBXFileReference; lastKnownFileType = sourcecode.swift; path = NetworkError.swift; sourceTree = "<group>"; };
		5F30EF4F26E268CA005394A9 /* Cell.swift */ = {isa = PBXFileReference; lastKnownFileType = sourcecode.swift; path = Cell.swift; sourceTree = "<group>"; };
		5F30EF5526E35FD5005394A9 /* NewsTableViewCell.swift */ = {isa = PBXFileReference; lastKnownFileType = sourcecode.swift; name = NewsTableViewCell.swift; path = "../../../../../../../../Desktop/News App/News App/App Modules/NewsTableViewCell.swift"; sourceTree = BUILT_PRODUCTS_DIR; };
		5F30EF5626E35FD5005394A9 /* NewsTableViewCell.xib */ = {isa = PBXFileReference; lastKnownFileType = file.xib; path = NewsTableViewCell.xib; sourceTree = "<group>"; };
		5F30EF5926E3603B005394A9 /* Nib.swift */ = {isa = PBXFileReference; lastKnownFileType = sourcecode.swift; path = Nib.swift; sourceTree = "<group>"; };
		5FA9B2E526E3D2290060DAE8 /* NewsCellProtocols.swift */ = {isa = PBXFileReference; lastKnownFileType = sourcecode.swift; path = NewsCellProtocols.swift; sourceTree = "<group>"; };
		5FA9B2E726E3D2F80060DAE8 /* NewsCellRouter.swift */ = {isa = PBXFileReference; lastKnownFileType = sourcecode.swift; path = NewsCellRouter.swift; sourceTree = "<group>"; };
		5FA9B2E926E3D3060060DAE8 /* NewsCellPresenter.swift */ = {isa = PBXFileReference; lastKnownFileType = sourcecode.swift; path = NewsCellPresenter.swift; sourceTree = "<group>"; };
		5FA9B2EB26E3D3170060DAE8 /* NewsCellInteractor.swift */ = {isa = PBXFileReference; lastKnownFileType = sourcecode.swift; path = NewsCellInteractor.swift; sourceTree = "<group>"; };
		5FA9B2ED26E3F4BC0060DAE8 /* ImageLoader.swift */ = {isa = PBXFileReference; lastKnownFileType = sourcecode.swift; path = ImageLoader.swift; sourceTree = "<group>"; };
		5FA9B2FF26E67DA10060DAE8 /* WebViewController.swift */ = {isa = PBXFileReference; lastKnownFileType = sourcecode.swift; path = WebViewController.swift; sourceTree = "<group>"; };
		5FA9B30226E74F190060DAE8 /* WebViewProtocols.swift */ = {isa = PBXFileReference; lastKnownFileType = sourcecode.swift; path = WebViewProtocols.swift; sourceTree = "<group>"; };
		5FA9B30426E74FE60060DAE8 /* WebViewRouter.swift */ = {isa = PBXFileReference; lastKnownFileType = sourcecode.swift; path = WebViewRouter.swift; sourceTree = "<group>"; };
		5FA9B30626E754760060DAE8 /* WebViewPresenter.swift */ = {isa = PBXFileReference; lastKnownFileType = sourcecode.swift; path = WebViewPresenter.swift; sourceTree = "<group>"; };
		6BC031F489F18E3613C09C30 /* Pods-News App.release.xcconfig */ = {isa = PBXFileReference; includeInIndex = 1; lastKnownFileType = text.xcconfig; name = "Pods-News App.release.xcconfig"; path = "Target Support Files/Pods-News App/Pods-News App.release.xcconfig"; sourceTree = "<group>"; };
		BD3DC32894ECDDACCB465C29 /* Pods_News_App.framework */ = {isa = PBXFileReference; explicitFileType = wrapper.framework; includeInIndex = 0; path = Pods_News_App.framework; sourceTree = BUILT_PRODUCTS_DIR; };
		EB69FEF0A6D8A64A5FF47802 /* Pods_News_App.framework */ = {isa = PBXFileReference; explicitFileType = wrapper.framework; includeInIndex = 0; name = Pods_News_App.framework; path = "../../Library/Developer/Xcode/DerivedData/News_App-cefqpbhyabsnjifnsjtrprwnyfal/Build/Products/Debug-iphoneos/Pods_News_App.framework"; sourceTree = SOURCE_ROOT; };
		F88F99342B342F01EF4E4F5F /* Pods-News App.debug.xcconfig */ = {isa = PBXFileReference; includeInIndex = 1; lastKnownFileType = text.xcconfig; name = "Pods-News App.debug.xcconfig"; path = "Target Support Files/Pods-News App/Pods-News App.debug.xcconfig"; sourceTree = "<group>"; };
/* End PBXFileReference section */

/* Begin PBXFrameworksBuildPhase section */
		5F30EF1126E24933005394A9 /* Frameworks */ = {
			isa = PBXFrameworksBuildPhase;
			buildActionMask = 2147483647;
			files = (
				A2FC79814BED6A5FEFEF228F /* Pods_News_App.framework in Frameworks */,
				81980D8F8B185FE27042CE46 /* Pods_News_App.framework in Frameworks */,
			);
			runOnlyForDeploymentPostprocessing = 0;
		};
/* End PBXFrameworksBuildPhase section */

/* Begin PBXGroup section */
		5E3CE87E0B0AEECAA615B4F2 /* Pods */ = {
			isa = PBXGroup;
			children = (
				F88F99342B342F01EF4E4F5F /* Pods-News App.debug.xcconfig */,
				6BC031F489F18E3613C09C30 /* Pods-News App.release.xcconfig */,
			);
			path = Pods;
			sourceTree = "<group>";
		};
		5F30EF0B26E24933005394A9 = {
			isa = PBXGroup;
			children = (
				5F30EF1626E24933005394A9 /* News App */,
				5F30EF1526E24933005394A9 /* Products */,
				5E3CE87E0B0AEECAA615B4F2 /* Pods */,
				FD1CA9D0045FD3027E287A74 /* Frameworks */,
			);
			sourceTree = "<group>";
		};
		5F30EF1526E24933005394A9 /* Products */ = {
			isa = PBXGroup;
			children = (
				5F30EF1426E24933005394A9 /* News App.app */,
			);
			name = Products;
			sourceTree = "<group>";
		};
		5F30EF1626E24933005394A9 /* News App */ = {
			isa = PBXGroup;
			children = (
				5F30EF2F26E2497C005394A9 /* App UIs */,
				5F30EF2C26E24963005394A9 /* App Assets */,
				5F30EF2E26E24974005394A9 /* App Modules */,
				5F30EF2D26E2496E005394A9 /* App Settings */,
				5F30EF2B26E2495A005394A9 /* Common Utils */,
				5F30EF2526E24937005394A9 /* Info.plist */,
			);
			path = "News App";
			sourceTree = "<group>";
		};
		5F30EF2B26E2495A005394A9 /* Common Utils */ = {
			isa = PBXGroup;
			children = (
				5F30EF3B26E24BA6005394A9 /* Constants */,
				5F30EF3A26E24B9B005394A9 /* Services */,
			);
			path = "Common Utils";
			sourceTree = "<group>";
		};
		5F30EF2C26E24963005394A9 /* App Assets */ = {
			isa = PBXGroup;
			children = (
				5F30EF2026E24937005394A9 /* Assets.xcassets */,
			);
			path = "App Assets";
			sourceTree = "<group>";
		};
		5F30EF2D26E2496E005394A9 /* App Settings */ = {
			isa = PBXGroup;
			children = (
				5F30EF1726E24933005394A9 /* AppDelegate.swift */,
				5F30EF1926E24933005394A9 /* SceneDelegate.swift */,
			);
			path = "App Settings";
			sourceTree = "<group>";
		};
		5F30EF2E26E24974005394A9 /* App Modules */ = {
			isa = PBXGroup;
			children = (
				5FA9B30126E692DA0060DAE8 /* WebPreview Screen */,
				5FA9B2E326E3D1740060DAE8 /* News Screen */,
			);
			path = "App Modules";
			sourceTree = "<group>";
		};
		5F30EF2F26E2497C005394A9 /* App UIs */ = {
			isa = PBXGroup;
			children = (
				5F30EF1D26E24933005394A9 /* Main.storyboard */,
				5F30EF2226E24937005394A9 /* LaunchScreen.storyboard */,
				5F30EF5626E35FD5005394A9 /* NewsTableViewCell.xib */,
			);
			path = "App UIs";
			sourceTree = "<group>";
		};
		5F30EF3A26E24B9B005394A9 /* Services */ = {
			isa = PBXGroup;
			children = (
				5F30EF4B26E25D43005394A9 /* Deserializer.swift */,
				5F30EF3C26E24BBD005394A9 /* NetworkService.swift */,
				5F30EF4926E25969005394A9 /* NetworkService+News.swift */,
				5FA9B2ED26E3F4BC0060DAE8 /* ImageLoader.swift */,
			);
			path = Services;
			sourceTree = "<group>";
		};
		5F30EF3B26E24BA6005394A9 /* Constants */ = {
			isa = PBXGroup;
			children = (
				5F30EF3E26E2502F005394A9 /* Storyboards.swift */,
				5F30EF4326E2516C005394A9 /* API.swift */,
				5F30EF4026E25069005394A9 /* Controllers.swift */,
				5F30EF4526E251CB005394A9 /* HTTP.swift */,
				5F30EF4726E25432005394A9 /* Endpoint.swift */,
				5F30EF4D26E25DC0005394A9 /* NetworkError.swift */,
				5F30EF4F26E268CA005394A9 /* Cell.swift */,
				5F30EF5926E3603B005394A9 /* Nib.swift */,
			);
			path = Constants;
			sourceTree = "<group>";
		};
		5FA9B2E326E3D1740060DAE8 /* News Screen */ = {
			isa = PBXGroup;
			children = (
				5FA9B2E426E3D1900060DAE8 /* News Cell */,
				5F30EF3226E24A49005394A9 /* NewsProtocols.swift */,
				5F30EF1B26E24933005394A9 /* NewsViewController.swift */,
				5F30EF3026E24A3E005394A9 /* NewsPresenter.swift */,
				5F30EF3626E24A72005394A9 /* NewsInteractor.swift */,
				5F30EF3426E24A59005394A9 /* NewsRouter.swift */,
				5F30EF3826E24A81005394A9 /* NewEntity.swift */,
			);
			path = "News Screen";
			sourceTree = "<group>";
		};
		5FA9B2E426E3D1900060DAE8 /* News Cell */ = {
			isa = PBXGroup;
			children = (
				5FA9B2E526E3D2290060DAE8 /* NewsCellProtocols.swift */,
				5F30EF5526E35FD5005394A9 /* NewsTableViewCell.swift */,
				5FA9B2E726E3D2F80060DAE8 /* NewsCellRouter.swift */,
				5FA9B2E926E3D3060060DAE8 /* NewsCellPresenter.swift */,
				5FA9B2EB26E3D3170060DAE8 /* NewsCellInteractor.swift */,
			);
			path = "News Cell";
			sourceTree = "<group>";
		};
		5FA9B30126E692DA0060DAE8 /* WebPreview Screen */ = {
			isa = PBXGroup;
			children = (
				5FA9B30226E74F190060DAE8 /* WebViewProtocols.swift */,
				5FA9B2FF26E67DA10060DAE8 /* WebViewController.swift */,
				5FA9B30626E754760060DAE8 /* WebViewPresenter.swift */,
				5FA9B30426E74FE60060DAE8 /* WebViewRouter.swift */,
			);
			path = "WebPreview Screen";
			sourceTree = "<group>";
		};
		FD1CA9D0045FD3027E287A74 /* Frameworks */ = {
			isa = PBXGroup;
			children = (
				EB69FEF0A6D8A64A5FF47802 /* Pods_News_App.framework */,
				BD3DC32894ECDDACCB465C29 /* Pods_News_App.framework */,
			);
			name = Frameworks;
			sourceTree = "<group>";
		};
/* End PBXGroup section */

/* Begin PBXNativeTarget section */
		5F30EF1326E24933005394A9 /* News App */ = {
			isa = PBXNativeTarget;
			buildConfigurationList = 5F30EF2826E24937005394A9 /* Build configuration list for PBXNativeTarget "News App" */;
			buildPhases = (
				8DB801F50C74697D5E6827EB /* [CP] Check Pods Manifest.lock */,
				5F30EF1026E24933005394A9 /* Sources */,
				5F30EF1126E24933005394A9 /* Frameworks */,
				5F30EF1226E24933005394A9 /* Resources */,
				73C7BDDBBC24CF91479E07CB /* [CP] Embed Pods Frameworks */,
			);
			buildRules = (
			);
			dependencies = (
			);
			name = "News App";
			productName = "News App";
			productReference = 5F30EF1426E24933005394A9 /* News App.app */;
			productType = "com.apple.product-type.application";
		};
/* End PBXNativeTarget section */

/* Begin PBXProject section */
		5F30EF0C26E24933005394A9 /* Project object */ = {
			isa = PBXProject;
			attributes = {
				LastSwiftUpdateCheck = 1250;
				LastUpgradeCheck = 1250;
				TargetAttributes = {
					5F30EF1326E24933005394A9 = {
						CreatedOnToolsVersion = 12.5.1;
					};
				};
			};
			buildConfigurationList = 5F30EF0F26E24933005394A9 /* Build configuration list for PBXProject "News App" */;
			compatibilityVersion = "Xcode 9.3";
			developmentRegion = en;
			hasScannedForEncodings = 0;
			knownRegions = (
				en,
				Base,
			);
			mainGroup = 5F30EF0B26E24933005394A9;
			productRefGroup = 5F30EF1526E24933005394A9 /* Products */;
			projectDirPath = "";
			projectRoot = "";
			targets = (
				5F30EF1326E24933005394A9 /* News App */,
			);
		};
/* End PBXProject section */

/* Begin PBXResourcesBuildPhase section */
		5F30EF1226E24933005394A9 /* Resources */ = {
			isa = PBXResourcesBuildPhase;
			buildActionMask = 2147483647;
			files = (
				5F30EF2426E24937005394A9 /* LaunchScreen.storyboard in Resources */,
				5F30EF2126E24937005394A9 /* Assets.xcassets in Resources */,
				5F30EF5826E35FD5005394A9 /* NewsTableViewCell.xib in Resources */,
				5F30EF1F26E24933005394A9 /* Main.storyboard in Resources */,
			);
			runOnlyForDeploymentPostprocessing = 0;
		};
/* End PBXResourcesBuildPhase section */

/* Begin PBXShellScriptBuildPhase section */
		73C7BDDBBC24CF91479E07CB /* [CP] Embed Pods Frameworks */ = {
			isa = PBXShellScriptBuildPhase;
			buildActionMask = 2147483647;
			files = (
			);
			inputFileListPaths = (
				"${PODS_ROOT}/Target Support Files/Pods-News App/Pods-News App-frameworks-${CONFIGURATION}-input-files.xcfilelist",
			);
			name = "[CP] Embed Pods Frameworks";
			outputFileListPaths = (
				"${PODS_ROOT}/Target Support Files/Pods-News App/Pods-News App-frameworks-${CONFIGURATION}-output-files.xcfilelist",
			);
			runOnlyForDeploymentPostprocessing = 0;
			shellPath = /bin/sh;
			shellScript = "\"${PODS_ROOT}/Target Support Files/Pods-News App/Pods-News App-frameworks.sh\"\n";
			showEnvVarsInLog = 0;
		};
		8DB801F50C74697D5E6827EB /* [CP] Check Pods Manifest.lock */ = {
			isa = PBXShellScriptBuildPhase;
			buildActionMask = 2147483647;
			files = (
			);
			inputFileListPaths = (
			);
			inputPaths = (
				"${PODS_PODFILE_DIR_PATH}/Podfile.lock",
				"${PODS_ROOT}/Manifest.lock",
			);
			name = "[CP] Check Pods Manifest.lock";
			outputFileListPaths = (
			);
			outputPaths = (
				"$(DERIVED_FILE_DIR)/Pods-News App-checkManifestLockResult.txt",
			);
			runOnlyForDeploymentPostprocessing = 0;
			shellPath = /bin/sh;
			shellScript = "diff \"${PODS_PODFILE_DIR_PATH}/Podfile.lock\" \"${PODS_ROOT}/Manifest.lock\" > /dev/null\nif [ $? != 0 ] ; then\n    # print error to STDERR\n    echo \"error: The sandbox is not in sync with the Podfile.lock. Run 'pod install' or update your CocoaPods installation.\" >&2\n    exit 1\nfi\n# This output is used by Xcode 'outputs' to avoid re-running this script phase.\necho \"SUCCESS\" > \"${SCRIPT_OUTPUT_FILE_0}\"\n";
			showEnvVarsInLog = 0;
		};
/* End PBXShellScriptBuildPhase section */

/* Begin PBXSourcesBuildPhase section */
		5F30EF1026E24933005394A9 /* Sources */ = {
			isa = PBXSourcesBuildPhase;
			buildActionMask = 2147483647;
			files = (
				5F30EF4E26E25DC0005394A9 /* NetworkError.swift in Sources */,
				5F30EF5A26E3603B005394A9 /* Nib.swift in Sources */,
				5F30EF4C26E25D43005394A9 /* Deserializer.swift in Sources */,
				5F30EF4826E25432005394A9 /* Endpoint.swift in Sources */,
				5F30EF3326E24A49005394A9 /* NewsProtocols.swift in Sources */,
				5F30EF3926E24A81005394A9 /* NewEntity.swift in Sources */,
				5F30EF5026E268CA005394A9 /* Cell.swift in Sources */,
				5F30EF3526E24A59005394A9 /* NewsRouter.swift in Sources */,
				5F30EF3726E24A72005394A9 /* NewsInteractor.swift in Sources */,
				5FA9B30326E74F190060DAE8 /* WebViewProtocols.swift in Sources */,
				5F30EF3D26E24BBD005394A9 /* NetworkService.swift in Sources */,
				5F30EF4A26E25969005394A9 /* NetworkService+News.swift in Sources */,
				5FA9B30526E74FE60060DAE8 /* WebViewRouter.swift in Sources */,
				5FA9B30026E67DA10060DAE8 /* WebViewController.swift in Sources */,
				5FA9B2EC26E3D3170060DAE8 /* NewsCellInteractor.swift in Sources */,
				5FA9B2E626E3D2290060DAE8 /* NewsCellProtocols.swift in Sources */,
				5F30EF1C26E24933005394A9 /* NewsViewController.swift in Sources */,
				5F30EF3F26E2502F005394A9 /* Storyboards.swift in Sources */,
				5F30EF4626E251CB005394A9 /* HTTP.swift in Sources */,
				5F30EF1826E24933005394A9 /* AppDelegate.swift in Sources */,
				5FA9B2EE26E3F4BD0060DAE8 /* ImageLoader.swift in Sources */,
				5F30EF4126E25069005394A9 /* Controllers.swift in Sources */,
				5FA9B30726E754760060DAE8 /* WebViewPresenter.swift in Sources */,
				5FA9B2E826E3D2F80060DAE8 /* NewsCellRouter.swift in Sources */,
				5F30EF1A26E24933005394A9 /* SceneDelegate.swift in Sources */,
				5FA9B2EA26E3D3060060DAE8 /* NewsCellPresenter.swift in Sources */,
				5F30EF4426E2516C005394A9 /* API.swift in Sources */,
				5F30EF3126E24A3E005394A9 /* NewsPresenter.swift in Sources */,
				5F30EF5726E35FD5005394A9 /* NewsTableViewCell.swift in Sources */,
			);
			runOnlyForDeploymentPostprocessing = 0;
		};
/* End PBXSourcesBuildPhase section */

/* Begin PBXVariantGroup section */
		5F30EF1D26E24933005394A9 /* Main.storyboard */ = {
			isa = PBXVariantGroup;
			children = (
				5F30EF1E26E24933005394A9 /* Base */,
			);
			name = Main.storyboard;
			sourceTree = "<group>";
		};
		5F30EF2226E24937005394A9 /* LaunchScreen.storyboard */ = {
			isa = PBXVariantGroup;
			children = (
				5F30EF2326E24937005394A9 /* Base */,
			);
			name = LaunchScreen.storyboard;
			sourceTree = "<group>";
		};
/* End PBXVariantGroup section */

/* Begin XCBuildConfiguration section */
		5F30EF2626E24937005394A9 /* Debug */ = {
			isa = XCBuildConfiguration;
			buildSettings = {
				ALWAYS_SEARCH_USER_PATHS = NO;
				CLANG_ANALYZER_NONNULL = YES;
				CLANG_ANALYZER_NUMBER_OBJECT_CONVERSION = YES_AGGRESSIVE;
				CLANG_CXX_LANGUAGE_STANDARD = "gnu++14";
				CLANG_CXX_LIBRARY = "libc++";
				CLANG_ENABLE_MODULES = YES;
				CLANG_ENABLE_OBJC_ARC = YES;
				CLANG_ENABLE_OBJC_WEAK = YES;
				CLANG_WARN_BLOCK_CAPTURE_AUTORELEASING = YES;
				CLANG_WARN_BOOL_CONVERSION = YES;
				CLANG_WARN_COMMA = YES;
				CLANG_WARN_CONSTANT_CONVERSION = YES;
				CLANG_WARN_DEPRECATED_OBJC_IMPLEMENTATIONS = YES;
				CLANG_WARN_DIRECT_OBJC_ISA_USAGE = YES_ERROR;
				CLANG_WARN_DOCUMENTATION_COMMENTS = YES;
				CLANG_WARN_EMPTY_BODY = YES;
				CLANG_WARN_ENUM_CONVERSION = YES;
				CLANG_WARN_INFINITE_RECURSION = YES;
				CLANG_WARN_INT_CONVERSION = YES;
				CLANG_WARN_NON_LITERAL_NULL_CONVERSION = YES;
				CLANG_WARN_OBJC_IMPLICIT_RETAIN_SELF = YES;
				CLANG_WARN_OBJC_LITERAL_CONVERSION = YES;
				CLANG_WARN_OBJC_ROOT_CLASS = YES_ERROR;
				CLANG_WARN_QUOTED_INCLUDE_IN_FRAMEWORK_HEADER = YES;
				CLANG_WARN_RANGE_LOOP_ANALYSIS = YES;
				CLANG_WARN_STRICT_PROTOTYPES = YES;
				CLANG_WARN_SUSPICIOUS_MOVE = YES;
				CLANG_WARN_UNGUARDED_AVAILABILITY = YES_AGGRESSIVE;
				CLANG_WARN_UNREACHABLE_CODE = YES;
				CLANG_WARN__DUPLICATE_METHOD_MATCH = YES;
				COPY_PHASE_STRIP = NO;
				DEBUG_INFORMATION_FORMAT = dwarf;
				ENABLE_STRICT_OBJC_MSGSEND = YES;
				ENABLE_TESTABILITY = YES;
				GCC_C_LANGUAGE_STANDARD = gnu11;
				GCC_DYNAMIC_NO_PIC = NO;
				GCC_NO_COMMON_BLOCKS = YES;
				GCC_OPTIMIZATION_LEVEL = 0;
				GCC_PREPROCESSOR_DEFINITIONS = (
					"DEBUG=1",
					"$(inherited)",
				);
				GCC_WARN_64_TO_32_BIT_CONVERSION = YES;
				GCC_WARN_ABOUT_RETURN_TYPE = YES_ERROR;
				GCC_WARN_UNDECLARED_SELECTOR = YES;
				GCC_WARN_UNINITIALIZED_AUTOS = YES_AGGRESSIVE;
				GCC_WARN_UNUSED_FUNCTION = YES;
				GCC_WARN_UNUSED_VARIABLE = YES;
				IPHONEOS_DEPLOYMENT_TARGET = 13.0;
				MTL_ENABLE_DEBUG_INFO = INCLUDE_SOURCE;
				MTL_FAST_MATH = YES;
				ONLY_ACTIVE_ARCH = YES;
				SDKROOT = iphoneos;
				SWIFT_ACTIVE_COMPILATION_CONDITIONS = DEBUG;
				SWIFT_OPTIMIZATION_LEVEL = "-Onone";
			};
			name = Debug;
		};
		5F30EF2726E24937005394A9 /* Release */ = {
			isa = XCBuildConfiguration;
			buildSettings = {
				ALWAYS_SEARCH_USER_PATHS = NO;
				CLANG_ANALYZER_NONNULL = YES;
				CLANG_ANALYZER_NUMBER_OBJECT_CONVERSION = YES_AGGRESSIVE;
				CLANG_CXX_LANGUAGE_STANDARD = "gnu++14";
				CLANG_CXX_LIBRARY = "libc++";
				CLANG_ENABLE_MODULES = YES;
				CLANG_ENABLE_OBJC_ARC = YES;
				CLANG_ENABLE_OBJC_WEAK = YES;
				CLANG_WARN_BLOCK_CAPTURE_AUTORELEASING = YES;
				CLANG_WARN_BOOL_CONVERSION = YES;
				CLANG_WARN_COMMA = YES;
				CLANG_WARN_CONSTANT_CONVERSION = YES;
				CLANG_WARN_DEPRECATED_OBJC_IMPLEMENTATIONS = YES;
				CLANG_WARN_DIRECT_OBJC_ISA_USAGE = YES_ERROR;
				CLANG_WARN_DOCUMENTATION_COMMENTS = YES;
				CLANG_WARN_EMPTY_BODY = YES;
				CLANG_WARN_ENUM_CONVERSION = YES;
				CLANG_WARN_INFINITE_RECURSION = YES;
				CLANG_WARN_INT_CONVERSION = YES;
				CLANG_WARN_NON_LITERAL_NULL_CONVERSION = YES;
				CLANG_WARN_OBJC_IMPLICIT_RETAIN_SELF = YES;
				CLANG_WARN_OBJC_LITERAL_CONVERSION = YES;
				CLANG_WARN_OBJC_ROOT_CLASS = YES_ERROR;
				CLANG_WARN_QUOTED_INCLUDE_IN_FRAMEWORK_HEADER = YES;
				CLANG_WARN_RANGE_LOOP_ANALYSIS = YES;
				CLANG_WARN_STRICT_PROTOTYPES = YES;
				CLANG_WARN_SUSPICIOUS_MOVE = YES;
				CLANG_WARN_UNGUARDED_AVAILABILITY = YES_AGGRESSIVE;
				CLANG_WARN_UNREACHABLE_CODE = YES;
				CLANG_WARN__DUPLICATE_METHOD_MATCH = YES;
				COPY_PHASE_STRIP = NO;
				DEBUG_INFORMATION_FORMAT = "dwarf-with-dsym";
				ENABLE_NS_ASSERTIONS = NO;
				ENABLE_STRICT_OBJC_MSGSEND = YES;
				GCC_C_LANGUAGE_STANDARD = gnu11;
				GCC_NO_COMMON_BLOCKS = YES;
				GCC_WARN_64_TO_32_BIT_CONVERSION = YES;
				GCC_WARN_ABOUT_RETURN_TYPE = YES_ERROR;
				GCC_WARN_UNDECLARED_SELECTOR = YES;
				GCC_WARN_UNINITIALIZED_AUTOS = YES_AGGRESSIVE;
				GCC_WARN_UNUSED_FUNCTION = YES;
				GCC_WARN_UNUSED_VARIABLE = YES;
				IPHONEOS_DEPLOYMENT_TARGET = 13.0;
				MTL_ENABLE_DEBUG_INFO = NO;
				MTL_FAST_MATH = YES;
				SDKROOT = iphoneos;
				SWIFT_COMPILATION_MODE = wholemodule;
				SWIFT_OPTIMIZATION_LEVEL = "-O";
				VALIDATE_PRODUCT = YES;
			};
			name = Release;
		};
		5F30EF2926E24937005394A9 /* Debug */ = {
			isa = XCBuildConfiguration;
			baseConfigurationReference = F88F99342B342F01EF4E4F5F /* Pods-News App.debug.xcconfig */;
			buildSettings = {
				ASSETCATALOG_COMPILER_APPICON_NAME = AppIcon;
				ASSETCATALOG_COMPILER_GLOBAL_ACCENT_COLOR_NAME = AccentColor;
				CODE_SIGN_STYLE = Automatic;
				DEVELOPMENT_TEAM = Z28LM9PLJM;
				INFOPLIST_FILE = "News App/Info.plist";
				IPHONEOS_DEPLOYMENT_TARGET = 13.0;
				LD_RUNPATH_SEARCH_PATHS = (
					"$(inherited)",
					"@executable_path/Frameworks",
				);
				PRODUCT_BUNDLE_IDENTIFIER = "com.hellovidev.News-App";
				PRODUCT_NAME = "$(TARGET_NAME)";
				SWIFT_VERSION = 5.0;
				TARGETED_DEVICE_FAMILY = 1;
			};
			name = Debug;
		};
		5F30EF2A26E24937005394A9 /* Release */ = {
			isa = XCBuildConfiguration;
			baseConfigurationReference = 6BC031F489F18E3613C09C30 /* Pods-News App.release.xcconfig */;
			buildSettings = {
				ASSETCATALOG_COMPILER_APPICON_NAME = AppIcon;
				ASSETCATALOG_COMPILER_GLOBAL_ACCENT_COLOR_NAME = AccentColor;
				CODE_SIGN_STYLE = Automatic;
				DEVELOPMENT_TEAM = Z28LM9PLJM;
				INFOPLIST_FILE = "News App/Info.plist";
				IPHONEOS_DEPLOYMENT_TARGET = 13.0;
				LD_RUNPATH_SEARCH_PATHS = (
					"$(inherited)",
					"@executable_path/Frameworks",
				);
				PRODUCT_BUNDLE_IDENTIFIER = "com.hellovidev.News-App";
				PRODUCT_NAME = "$(TARGET_NAME)";
				SWIFT_VERSION = 5.0;
				TARGETED_DEVICE_FAMILY = 1;
			};
			name = Release;
		};
/* End XCBuildConfiguration section */

/* Begin XCConfigurationList section */
		5F30EF0F26E24933005394A9 /* Build configuration list for PBXProject "News App" */ = {
			isa = XCConfigurationList;
			buildConfigurations = (
				5F30EF2626E24937005394A9 /* Debug */,
				5F30EF2726E24937005394A9 /* Release */,
			);
			defaultConfigurationIsVisible = 0;
			defaultConfigurationName = Release;
		};
		5F30EF2826E24937005394A9 /* Build configuration list for PBXNativeTarget "News App" */ = {
			isa = XCConfigurationList;
			buildConfigurations = (
				5F30EF2926E24937005394A9 /* Debug */,
				5F30EF2A26E24937005394A9 /* Release */,
			);
			defaultConfigurationIsVisible = 0;
			defaultConfigurationName = Release;
		};
/* End XCConfigurationList section */
	};
	rootObject = 5F30EF0C26E24933005394A9 /* Project object */;
}
